
Microsoft Visual Studio Solution File, Format Version 12.00
# Visual Studio 15
VisualStudioVersion = 15.0.27004.2006
MinimumVisualStudioVersion = 10.0.40219.1
Project("{8BC9CEB8-8B4A-11D0-8D11-00A0C91BC942}") = "notificue", "notificue\notificue.vcxproj", "{8E3A1450-391D-4B46-9588-78D10E1B98A6}"
EndProject
Project("{8BC9CEB8-8B4A-11D0-8D11-00A0C91BC942}") = "notificue-dll", "notificue-dll\notificue-dll.vcxproj", "{85AD7722-C64C-4D2A-B810-50F751FAB8A8}"
EndProject
Global
	GlobalSection(SolutionConfigurationPlatforms) = preSolution
		notificue|x64 = notificue|x64
		notificue|x86 = notificue|x86
		notificue-dll|x64 = notificue-dll|x64
		notificue-dll|x86 = notificue-dll|x86
	EndGlobalSection
	GlobalSection(ProjectConfigurationPlatforms) = postSolution
		{8E3A1450-391D-4B46-9588-78D10E1B98A6}.notificue|x64.ActiveCfg = notificue|x64
		{8E3A1450-391D-4B46-9588-78D10E1B98A6}.notificue|x64.Build.0 = notificue|x64
		{8E3A1450-391D-4B46-9588-78D10E1B98A6}.notificue|x86.ActiveCfg = notificue|Win32
		{8E3A1450-391D-4B46-9588-78D10E1B98A6}.notificue|x86.Build.0 = notificue|Win32
		{8E3A1450-391D-4B46-9588-78D10E1B98A6}.notificue-dll|x64.ActiveCfg = notificue|x64
		{8E3A1450-391D-4B46-9588-78D10E1B98A6}.notificue-dll|x64.Build.0 = notificue|x64
		{8E3A1450-391D-4B46-9588-78D10E1B98A6}.notificue-dll|x86.ActiveCfg = notificue|Win32
		{8E3A1450-391D-4B46-9588-78D10E1B98A6}.notificue-dll|x86.Build.0 = notificue|Win32
		{85AD7722-C64C-4D2A-B810-50F751FAB8A8}.notificue|x64.ActiveCfg = notificue-dll|x64
		{85AD7722-C64C-4D2A-B810-50F751FAB8A8}.notificue|x64.Build.0 = notificue-dll|x64
		{85AD7722-C64C-4D2A-B810-50F751FAB8A8}.notificue|x86.ActiveCfg = notificue-dll|Win32
		{85AD7722-C64C-4D2A-B810-50F751FAB8A8}.notificue|x86.Build.0 = notificue-dll|Win32
		{85AD7722-C64C-4D2A-B810-50F751FAB8A8}.notificue-dll|x64.ActiveCfg = notificue-dll|x64
		{85AD7722-C64C-4D2A-B810-50F751FAB8A8}.notificue-dll|x64.Build.0 = notificue-dll|x64
		{85AD7722-C64C-4D2A-B810-50F751FAB8A8}.notificue-dll|x86.ActiveCfg = notificue-dll|Win32
		{85AD7722-C64C-4D2A-B810-50F751FAB8A8}.notificue-dll|x86.Build.0 = notificue-dll|Win32
	EndGlobalSection
	GlobalSection(SolutionProperties) = preSolution
		HideSolutionNode = FALSE
	EndGlobalSection
	GlobalSection(ExtensibilityGlobals) = postSolution
		SolutionGuid = {83C50F01-9A74-4623-B223-648A9457E99B}
	EndGlobalSection
EndGlobal
